PODS:
  - DACircularProgress (2.3.1)
  - IDMPhotoBrowser (1.11.3):
    - DACircularProgress
    - pop
    - SDWebImage (= 4.0.0)
  - IQKeyboardManagerSwift (6.0.3)
  - pop (1.0.10)
  - SDWebImage (4.0.0):
    - SDWebImage/Core (= 4.0.0)
  - SDWebImage/Core (4.0.0)

DEPENDENCIES:
  - IDMPhotoBrowser
  - IQKeyboardManagerSwift

SPEC REPOS:
  https://github.com/cocoapods/specs.git:
    - DACircularProgress
    - IDMPhotoBrowser
    - IQKeyboardManagerSwift
    - pop
    - SDWebImage

SPEC CHECKSUMS:
  DACircularProgress: 4dd437c0fc3da5161cb289e07ac449493d41db71
  IDMPhotoBrowser: b96159fe4adb991a844068eb17dab9c0b7d7e51a
  IQKeyboardManagerSwift: 04e8679f85e496bb2c474eeb9284052f1b3c391c
  pop: 82ca6b068ce9278fd350fd9dd09482a0ce9492e6
  SDWebImage: 76a6348bdc74eb5a55dd08a091ef298e56b55e41

PODFILE CHECKSUM: 51b04fded0f73dc2c95f21bb7a57b911dd655a68

COCOAPODS: 1.5.2
